
Microsoft Visual Studio Solution File, Format Version 12.00
# Visual Studio Version 17
VisualStudioVersion = 17.11.35327.3
MinimumVisualStudioVersion = 10.0.40219.1
Project("{9A19103F-16F7-4668-BE54-9A1E7A4F7556}") = "flightManagement", "flightManagement\flightManagement.csproj", "{10D80E10-FB87-41B1-9425-DFB66D18489D}"
EndProject
Project("{FAE04EC0-301F-11D3-BF4B-00C04F79EFBC}") = "flightUI", "flightUI\flightUI.csproj", "{5AF4AD8C-DD8D-41FB-84CE-A0189FE1DABD}"
EndProject
Project("{FAE04EC0-301F-11D3-BF4B-00C04F79EFBC}") = "flightBLL", "flightBLL\flightBLL.csproj", "{925450C7-9F0E-455C-89DE-74BDDE2948A7}"
EndProject
Project("{FAE04EC0-301F-11D3-BF4B-00C04F79EFBC}") = "flightData", "flightData\flightData.csproj", "{FBD9C086-9EEF-4E72-8586-975C3F3E2BBF}"
EndProject
Project("{FAE04EC0-301F-11D3-BF4B-00C04F79EFBC}") = "flightDLL", "flightDLL\flightDLL.csproj", "{9027AEF5-5C43-444D-B46B-9DAC2FD2DF6D}"
EndProject
Global
	GlobalSection(SolutionConfigurationPlatforms) = preSolution
		Debug|Any CPU = Debug|Any CPU
		Release|Any CPU = Release|Any CPU
	EndGlobalSection
	GlobalSection(ProjectConfigurationPlatforms) = postSolution
		{10D80E10-FB87-41B1-9425-DFB66D18489D}.Debug|Any CPU.ActiveCfg = Debug|Any CPU
		{10D80E10-FB87-41B1-9425-DFB66D18489D}.Debug|Any CPU.Build.0 = Debug|Any CPU
		{10D80E10-FB87-41B1-9425-DFB66D18489D}.Release|Any CPU.ActiveCfg = Release|Any CPU
		{10D80E10-FB87-41B1-9425-DFB66D18489D}.Release|Any CPU.Build.0 = Release|Any CPU
		{5AF4AD8C-DD8D-41FB-84CE-A0189FE1DABD}.Debug|Any CPU.ActiveCfg = Debug|Any CPU
		{5AF4AD8C-DD8D-41FB-84CE-A0189FE1DABD}.Debug|Any CPU.Build.0 = Debug|Any CPU
		{5AF4AD8C-DD8D-41FB-84CE-A0189FE1DABD}.Release|Any CPU.ActiveCfg = Release|Any CPU
		{5AF4AD8C-DD8D-41FB-84CE-A0189FE1DABD}.Release|Any CPU.Build.0 = Release|Any CPU
		{925450C7-9F0E-455C-89DE-74BDDE2948A7}.Debug|Any CPU.ActiveCfg = Debug|Any CPU
		{925450C7-9F0E-455C-89DE-74BDDE2948A7}.Debug|Any CPU.Build.0 = Debug|Any CPU
		{925450C7-9F0E-455C-89DE-74BDDE2948A7}.Release|Any CPU.ActiveCfg = Release|Any CPU
		{925450C7-9F0E-455C-89DE-74BDDE2948A7}.Release|Any CPU.Build.0 = Release|Any CPU
		{FBD9C086-9EEF-4E72-8586-975C3F3E2BBF}.Debug|Any CPU.ActiveCfg = Debug|Any CPU
		{FBD9C086-9EEF-4E72-8586-975C3F3E2BBF}.Debug|Any CPU.Build.0 = Debug|Any CPU
		{FBD9C086-9EEF-4E72-8586-975C3F3E2BBF}.Release|Any CPU.ActiveCfg = Release|Any CPU
		{FBD9C086-9EEF-4E72-8586-975C3F3E2BBF}.Release|Any CPU.Build.0 = Release|Any CPU
		{9027AEF5-5C43-444D-B46B-9DAC2FD2DF6D}.Debug|Any CPU.ActiveCfg = Debug|Any CPU
		{9027AEF5-5C43-444D-B46B-9DAC2FD2DF6D}.Debug|Any CPU.Build.0 = Debug|Any CPU
		{9027AEF5-5C43-444D-B46B-9DAC2FD2DF6D}.Release|Any CPU.ActiveCfg = Release|Any CPU
		{9027AEF5-5C43-444D-B46B-9DAC2FD2DF6D}.Release|Any CPU.Build.0 = Release|Any CPU
	EndGlobalSection
	GlobalSection(SolutionProperties) = preSolution
		HideSolutionNode = FALSE
	EndGlobalSection
	GlobalSection(ExtensibilityGlobals) = postSolution
		SolutionGuid = {23754421-0069-4907-A759-BE15D436A134}
	EndGlobalSection
EndGlobal
